
Microsoft Visual Studio Solution File, Format Version 12.00
# Visual Studio Version 16
VisualStudioVersion = 16.0.29123.88
MinimumVisualStudioVersion = 10.0.40219.1
Project("{FAE04EC0-301F-11D3-BF4B-00C04F79EFBC}") = "LCrypt", "LCrypt\LCrypt.csproj", "{30171C14-65F3-4379-8F09-B286D69F947B}"
EndProject
Project("{9A19103F-16F7-4668-BE54-9A1E7A4F7556}") = "LCrypt.Core", "LCrypt.Core\LCrypt.Core.csproj", "{CACB13B6-E9A3-4316-B537-76EA6C7F67A0}"
EndProject
Project("{9A19103F-16F7-4668-BE54-9A1E7A4F7556}") = "LCrypt.CLI", "LCrypt.CLI\LCrypt.CLI.csproj", "{21B53D39-BEA4-44E2-920A-2F70626AA349}"
EndProject
Project("{FAE04EC0-301F-11D3-BF4B-00C04F79EFBC}") = "LCrypt.Core.Test", "LCrypt.Core.Test\LCrypt.Core.Test.csproj", "{930A268F-4E01-45FF-8064-6DDD5963D996}"
EndProject
Project("{FAE04EC0-301F-11D3-BF4B-00C04F79EFBC}") = "LCrypt.GUI", "LCrypt.GUI\LCrypt.GUI.csproj", "{7AF4CAD5-E1A2-4082-B6AD-DB260C04C07D}"
EndProject
Global
	GlobalSection(SolutionConfigurationPlatforms) = preSolution
		Debug|Any CPU = Debug|Any CPU
		Release|Any CPU = Release|Any CPU
	EndGlobalSection
	GlobalSection(ProjectConfigurationPlatforms) = postSolution
		{30171C14-65F3-4379-8F09-B286D69F947B}.Debug|Any CPU.ActiveCfg = Debug|Any CPU
		{30171C14-65F3-4379-8F09-B286D69F947B}.Debug|Any CPU.Build.0 = Debug|Any CPU
		{30171C14-65F3-4379-8F09-B286D69F947B}.Release|Any CPU.ActiveCfg = Release|Any CPU
		{30171C14-65F3-4379-8F09-B286D69F947B}.Release|Any CPU.Build.0 = Release|Any CPU
		{CACB13B6-E9A3-4316-B537-76EA6C7F67A0}.Debug|Any CPU.ActiveCfg = Debug|Any CPU
		{CACB13B6-E9A3-4316-B537-76EA6C7F67A0}.Debug|Any CPU.Build.0 = Debug|Any CPU
		{CACB13B6-E9A3-4316-B537-76EA6C7F67A0}.Release|Any CPU.ActiveCfg = Release|Any CPU
		{CACB13B6-E9A3-4316-B537-76EA6C7F67A0}.Release|Any CPU.Build.0 = Release|Any CPU
		{21B53D39-BEA4-44E2-920A-2F70626AA349}.Debug|Any CPU.ActiveCfg = Debug|Any CPU
		{21B53D39-BEA4-44E2-920A-2F70626AA349}.Debug|Any CPU.Build.0 = Debug|Any CPU
		{21B53D39-BEA4-44E2-920A-2F70626AA349}.Release|Any CPU.ActiveCfg = Release|Any CPU
		{21B53D39-BEA4-44E2-920A-2F70626AA349}.Release|Any CPU.Build.0 = Release|Any CPU
		{930A268F-4E01-45FF-8064-6DDD5963D996}.Debug|Any CPU.ActiveCfg = Debug|Any CPU
		{930A268F-4E01-45FF-8064-6DDD5963D996}.Debug|Any CPU.Build.0 = Debug|Any CPU
		{930A268F-4E01-45FF-8064-6DDD5963D996}.Release|Any CPU.ActiveCfg = Release|Any CPU
		{930A268F-4E01-45FF-8064-6DDD5963D996}.Release|Any CPU.Build.0 = Release|Any CPU
		{7AF4CAD5-E1A2-4082-B6AD-DB260C04C07D}.Debug|Any CPU.ActiveCfg = Debug|Any CPU
		{7AF4CAD5-E1A2-4082-B6AD-DB260C04C07D}.Debug|Any CPU.Build.0 = Debug|Any CPU
		{7AF4CAD5-E1A2-4082-B6AD-DB260C04C07D}.Release|Any CPU.ActiveCfg = Release|Any CPU
		{7AF4CAD5-E1A2-4082-B6AD-DB260C04C07D}.Release|Any CPU.Build.0 = Release|Any CPU
	EndGlobalSection
	GlobalSection(SolutionProperties) = preSolution
		HideSolutionNode = FALSE
	EndGlobalSection
	GlobalSection(ExtensibilityGlobals) = postSolution
		SolutionGuid = {7BC29D17-7B0F-4B24-91F9-A061BA514DEF}
	EndGlobalSection
EndGlobal
